<?xml version="1.0" encoding="utf-8"?>
<Project ToolsVersion="4.0" xmlns="http://schemas.microsoft.com/developer/msbuild/2003">
  <ItemGroup>
    <Filter Include="소스 파일">
      <UniqueIdentifier>{4FC737F1-C7A5-4376-A066-2A32D752A2FF}</UniqueIdentifier>
      <Extensions>cpp;c;cc;cxx;c++;cppm;ixx;def;odl;idl;hpj;bat;asm;asmx</Extensions>
    </Filter>
    <Filter Include="헤더 파일">
      <UniqueIdentifier>{93995380-89BD-4b04-88EB-625FBE52EBFB}</UniqueIdentifier>
      <Extensions>h;hh;hpp;hxx;h++;hm;inl;inc;ipp;xsd</Extensions>
    </Filter>
    <Filter Include="리소스 파일">
      <UniqueIdentifier>{67DA6AB6-F800-4c08-8B7A-83BB121AAD01}</UniqueIdentifier>
      <Extensions>rc;ico;cur;bmp;dlg;rc2;rct;bin;rgs;gif;jpg;jpeg;jpe;resx;tiff;tif;png;wav;mfcribbon-ms</Extensions>
    </Filter>
  </ItemGroup>
  <ItemGroup>
    <ClInclude Include="Character.h">
      <Filter>헤더 파일</Filter>
    </ClInclude>
    <ClInclude Include="Player.h">
      <Filter>헤더 파일</Filter>
    </ClInclude>
    <ClInclude Include="Inventory.h">
      <Filter>헤더 파일</Filter>
    </ClInclude>
    <ClInclude Include="Shop.h">
      <Filter>헤더 파일</Filter>
    </ClInclude>
    <ClInclude Include="Armour.h">
      <Filter>헤더 파일</Filter>
    </ClInclude>
    <ClInclude Include="Weapon.h">
      <Filter>헤더 파일</Filter>
    </ClInclude>
    <ClInclude Include="Item.h">
      <Filter>헤더 파일</Filter>
    </ClInclude>
    <ClInclude Include="GameScene.h">
      <Filter>헤더 파일</Filter>
    </ClInclude>
    <ClInclude Include="gotoxy.h">
      <Filter>헤더 파일</Filter>
    </ClInclude>
    <ClInclude Include="GameStart.h">
      <Filter>헤더 파일</Filter>
    </ClInclude>
    <ClInclude Include="Stage1.h">
      <Filter>헤더 파일</Filter>
    </ClInclude>
    <ClInclude Include="TextColor.h">
      <Filter>헤더 파일</Filter>
    </ClInclude>
    <ClInclude Include="setConsoleSize.h">
      <Filter>헤더 파일</Filter>
    </ClInclude>
    <ClInclude Include="Hotel.h">
      <Filter>헤더 파일</Filter>
    </ClInclude>
    <ClInclude Include="Food.h">
      <Filter>헤더 파일</Filter>
    </ClInclude>
    <ClInclude Include="Material.h">
      <Filter>헤더 파일</Filter>
    </ClInclude>
    <ClInclude Include="Mineral.h">
      <Filter>헤더 파일</Filter>
    </ClInclude>
    <ClInclude Include="CreateMine.h">
      <Filter>헤더 파일</Filter>
    </ClInclude>
    <ClInclude Include="CoalMine.h">
      <Filter>헤더 파일</Filter>
    </ClInclude>
    <ClInclude Include="IronMine.h">
      <Filter>헤더 파일</Filter>
    </ClInclude>
    <ClInclude Include="GoldMine.h">
      <Filter>헤더 파일</Filter>
    </ClInclude>
    <ClInclude Include="DiamondMine.h">
      <Filter>헤더 파일</Filter>
    </ClInclude>
    <ClInclude Include="falseInput.h">
      <Filter>헤더 파일</Filter>
    </ClInclude>
  </ItemGroup>
  <ItemGroup>
    <ClCompile Include="Character.cpp">
      <Filter>소스 파일</Filter>
    </ClCompile>
    <ClCompile Include="Player.cpp">
      <Filter>소스 파일</Filter>
    </ClCompile>
    <ClCompile Include="Inventory.cpp">
      <Filter>소스 파일</Filter>
    </ClCompile>
    <ClCompile Include="Shop.cpp">
      <Filter>소스 파일</Filter>
    </ClCompile>
    <ClCompile Include="Armour.cpp">
      <Filter>소스 파일</Filter>
    </ClCompile>
    <ClCompile Include="Weapon.cpp">
      <Filter>소스 파일</Filter>
    </ClCompile>
    <ClCompile Include="Item.cpp">
      <Filter>소스 파일</Filter>
    </ClCompile>
    <ClCompile Include="main.cpp">
      <Filter>소스 파일</Filter>
    </ClCompile>
    <ClCompile Include="GameScene.cpp">
      <Filter>소스 파일</Filter>
    </ClCompile>
    <ClCompile Include="gotoxy.cpp">
      <Filter>소스 파일</Filter>
    </ClCompile>
    <ClCompile Include="GameStart.cpp">
      <Filter>소스 파일</Filter>
    </ClCompile>
    <ClCompile Include="Stage1.cpp">
      <Filter>소스 파일</Filter>
    </ClCompile>
    <ClCompile Include="TextColor.cpp">
      <Filter>소스 파일</Filter>
    </ClCompile>
    <ClCompile Include="setConsoleSize.cpp">
      <Filter>소스 파일</Filter>
    </ClCompile>
    <ClCompile Include="Hotel.cpp">
      <Filter>소스 파일</Filter>
    </ClCompile>
    <ClCompile Include="Food.cpp">
      <Filter>소스 파일</Filter>
    </ClCompile>
    <ClCompile Include="Material.cpp">
      <Filter>소스 파일</Filter>
    </ClCompile>
    <ClCompile Include="Mineral.cpp">
      <Filter>소스 파일</Filter>
    </ClCompile>
    <ClCompile Include="CreateMine.cpp">
      <Filter>소스 파일</Filter>
    </ClCompile>
    <ClCompile Include="CoalMine.cpp">
      <Filter>소스 파일</Filter>
    </ClCompile>
    <ClCompile Include="IronMine.cpp">
      <Filter>소스 파일</Filter>
    </ClCompile>
    <ClCompile Include="GoldMine.cpp">
      <Filter>소스 파일</Filter>
    </ClCompile>
    <ClCompile Include="DiamondMine.cpp">
      <Filter>소스 파일</Filter>
    </ClCompile>
    <ClCompile Include="falseInput.cpp">
      <Filter>소스 파일</Filter>
    </ClCompile>
  </ItemGroup>
</Project>